
Microsoft Visual Studio Solution File, Format Version 12.00
# Visual Studio Version 16
VisualStudioVersion = 16.0.30621.155
MinimumVisualStudioVersion = 15.0.26124.0
Project("{2150E333-8FDC-42A3-9474-1A3956D46DE8}") = "src", "src", "{D1F82CF3-E0FF-49DD-AE15-31392EB1FD53}"
EndProject
Project("{9A19103F-16F7-4668-BE54-9A1E7A4F7556}") = "TrivialJwt", "src\TrivialJwt\TrivialJwt.csproj", "{98C722BA-1BFA-43AA-8B8C-E7BA1F29C0D5}"
EndProject
Project("{9A19103F-16F7-4668-BE54-9A1E7A4F7556}") = "TrivialJwt.Bearer", "src\TrivialJwt.Bearer\TrivialJwt.Bearer.csproj", "{041FAEF2-6755-47B6-BAD9-32DF377DEFA8}"
EndProject
Project("{9A19103F-16F7-4668-BE54-9A1E7A4F7556}") = "TrivialJwt.AspNetIdentity", "src\TrivialJwt.AspNetIdentity\TrivialJwt.AspNetIdentity.csproj", "{2180BEAA-B296-43E1-BD15-AEAE1CEF3582}"
EndProject
Project("{2150E333-8FDC-42A3-9474-1A3956D46DE8}") = "samples", "samples", "{4D719D34-57DB-4A09-8CBB-7B17732DB092}"
EndProject
Project("{9A19103F-16F7-4668-BE54-9A1E7A4F7556}") = "SimpleApp", "samples\SimpleApp\SimpleApp.csproj", "{942FDFC3-59FE-40B2-912C-9ADD0D603A5B}"
EndProject
Project("{FAE04EC0-301F-11D3-BF4B-00C04F79EFBC}") = "TrivialJwt.Tests", "src\TrivialJwt.Tests\TrivialJwt.Tests.csproj", "{73ABA4AC-2104-46A9-90F2-704212F1FE03}"
EndProject
Global
	GlobalSection(SolutionConfigurationPlatforms) = preSolution
		Debug|Any CPU = Debug|Any CPU
		Debug|x64 = Debug|x64
		Debug|x86 = Debug|x86
		Release|Any CPU = Release|Any CPU
		Release|x64 = Release|x64
		Release|x86 = Release|x86
	EndGlobalSection
	GlobalSection(ProjectConfigurationPlatforms) = postSolution
		{98C722BA-1BFA-43AA-8B8C-E7BA1F29C0D5}.Debug|Any CPU.ActiveCfg = Debug|Any CPU
		{98C722BA-1BFA-43AA-8B8C-E7BA1F29C0D5}.Debug|Any CPU.Build.0 = Debug|Any CPU
		{98C722BA-1BFA-43AA-8B8C-E7BA1F29C0D5}.Debug|x64.ActiveCfg = Debug|Any CPU
		{98C722BA-1BFA-43AA-8B8C-E7BA1F29C0D5}.Debug|x64.Build.0 = Debug|Any CPU
		{98C722BA-1BFA-43AA-8B8C-E7BA1F29C0D5}.Debug|x86.ActiveCfg = Debug|Any CPU
		{98C722BA-1BFA-43AA-8B8C-E7BA1F29C0D5}.Debug|x86.Build.0 = Debug|Any CPU
		{98C722BA-1BFA-43AA-8B8C-E7BA1F29C0D5}.Release|Any CPU.ActiveCfg = Release|Any CPU
		{98C722BA-1BFA-43AA-8B8C-E7BA1F29C0D5}.Release|Any CPU.Build.0 = Release|Any CPU
		{98C722BA-1BFA-43AA-8B8C-E7BA1F29C0D5}.Release|x64.ActiveCfg = Release|Any CPU
		{98C722BA-1BFA-43AA-8B8C-E7BA1F29C0D5}.Release|x64.Build.0 = Release|Any CPU
		{98C722BA-1BFA-43AA-8B8C-E7BA1F29C0D5}.Release|x86.ActiveCfg = Release|Any CPU
		{98C722BA-1BFA-43AA-8B8C-E7BA1F29C0D5}.Release|x86.Build.0 = Release|Any CPU
		{041FAEF2-6755-47B6-BAD9-32DF377DEFA8}.Debug|Any CPU.ActiveCfg = Debug|Any CPU
		{041FAEF2-6755-47B6-BAD9-32DF377DEFA8}.Debug|Any CPU.Build.0 = Debug|Any CPU
		{041FAEF2-6755-47B6-BAD9-32DF377DEFA8}.Debug|x64.ActiveCfg = Debug|Any CPU
		{041FAEF2-6755-47B6-BAD9-32DF377DEFA8}.Debug|x64.Build.0 = Debug|Any CPU
		{041FAEF2-6755-47B6-BAD9-32DF377DEFA8}.Debug|x86.ActiveCfg = Debug|Any CPU
		{041FAEF2-6755-47B6-BAD9-32DF377DEFA8}.Debug|x86.Build.0 = Debug|Any CPU
		{041FAEF2-6755-47B6-BAD9-32DF377DEFA8}.Release|Any CPU.ActiveCfg = Release|Any CPU
		{041FAEF2-6755-47B6-BAD9-32DF377DEFA8}.Release|Any CPU.Build.0 = Release|Any CPU
		{041FAEF2-6755-47B6-BAD9-32DF377DEFA8}.Release|x64.ActiveCfg = Release|Any CPU
		{041FAEF2-6755-47B6-BAD9-32DF377DEFA8}.Release|x64.Build.0 = Release|Any CPU
		{041FAEF2-6755-47B6-BAD9-32DF377DEFA8}.Release|x86.ActiveCfg = Release|Any CPU
		{041FAEF2-6755-47B6-BAD9-32DF377DEFA8}.Release|x86.Build.0 = Release|Any CPU
		{2180BEAA-B296-43E1-BD15-AEAE1CEF3582}.Debug|Any CPU.ActiveCfg = Debug|Any CPU
		{2180BEAA-B296-43E1-BD15-AEAE1CEF3582}.Debug|Any CPU.Build.0 = Debug|Any CPU
		{2180BEAA-B296-43E1-BD15-AEAE1CEF3582}.Debug|x64.ActiveCfg = Debug|Any CPU
		{2180BEAA-B296-43E1-BD15-AEAE1CEF3582}.Debug|x64.Build.0 = Debug|Any CPU
		{2180BEAA-B296-43E1-BD15-AEAE1CEF3582}.Debug|x86.ActiveCfg = Debug|Any CPU
		{2180BEAA-B296-43E1-BD15-AEAE1CEF3582}.Debug|x86.Build.0 = Debug|Any CPU
		{2180BEAA-B296-43E1-BD15-AEAE1CEF3582}.Release|Any CPU.ActiveCfg = Release|Any CPU
		{2180BEAA-B296-43E1-BD15-AEAE1CEF3582}.Release|Any CPU.Build.0 = Release|Any CPU
		{2180BEAA-B296-43E1-BD15-AEAE1CEF3582}.Release|x64.ActiveCfg = Release|Any CPU
		{2180BEAA-B296-43E1-BD15-AEAE1CEF3582}.Release|x64.Build.0 = Release|Any CPU
		{2180BEAA-B296-43E1-BD15-AEAE1CEF3582}.Release|x86.ActiveCfg = Release|Any CPU
		{2180BEAA-B296-43E1-BD15-AEAE1CEF3582}.Release|x86.Build.0 = Release|Any CPU
		{942FDFC3-59FE-40B2-912C-9ADD0D603A5B}.Debug|Any CPU.ActiveCfg = Debug|Any CPU
		{942FDFC3-59FE-40B2-912C-9ADD0D603A5B}.Debug|Any CPU.Build.0 = Debug|Any CPU
		{942FDFC3-59FE-40B2-912C-9ADD0D603A5B}.Debug|x64.ActiveCfg = Debug|Any CPU
		{942FDFC3-59FE-40B2-912C-9ADD0D603A5B}.Debug|x64.Build.0 = Debug|Any CPU
		{942FDFC3-59FE-40B2-912C-9ADD0D603A5B}.Debug|x86.ActiveCfg = Debug|Any CPU
		{942FDFC3-59FE-40B2-912C-9ADD0D603A5B}.Debug|x86.Build.0 = Debug|Any CPU
		{942FDFC3-59FE-40B2-912C-9ADD0D603A5B}.Release|Any CPU.ActiveCfg = Release|Any CPU
		{942FDFC3-59FE-40B2-912C-9ADD0D603A5B}.Release|Any CPU.Build.0 = Release|Any CPU
		{942FDFC3-59FE-40B2-912C-9ADD0D603A5B}.Release|x64.ActiveCfg = Release|Any CPU
		{942FDFC3-59FE-40B2-912C-9ADD0D603A5B}.Release|x64.Build.0 = Release|Any CPU
		{942FDFC3-59FE-40B2-912C-9ADD0D603A5B}.Release|x86.ActiveCfg = Release|Any CPU
		{942FDFC3-59FE-40B2-912C-9ADD0D603A5B}.Release|x86.Build.0 = Release|Any CPU
		{73ABA4AC-2104-46A9-90F2-704212F1FE03}.Debug|Any CPU.ActiveCfg = Debug|Any CPU
		{73ABA4AC-2104-46A9-90F2-704212F1FE03}.Debug|Any CPU.Build.0 = Debug|Any CPU
		{73ABA4AC-2104-46A9-90F2-704212F1FE03}.Debug|x64.ActiveCfg = Debug|Any CPU
		{73ABA4AC-2104-46A9-90F2-704212F1FE03}.Debug|x64.Build.0 = Debug|Any CPU
		{73ABA4AC-2104-46A9-90F2-704212F1FE03}.Debug|x86.ActiveCfg = Debug|Any CPU
		{73ABA4AC-2104-46A9-90F2-704212F1FE03}.Debug|x86.Build.0 = Debug|Any CPU
		{73ABA4AC-2104-46A9-90F2-704212F1FE03}.Release|Any CPU.ActiveCfg = Release|Any CPU
		{73ABA4AC-2104-46A9-90F2-704212F1FE03}.Release|Any CPU.Build.0 = Release|Any CPU
		{73ABA4AC-2104-46A9-90F2-704212F1FE03}.Release|x64.ActiveCfg = Release|Any CPU
		{73ABA4AC-2104-46A9-90F2-704212F1FE03}.Release|x64.Build.0 = Release|Any CPU
		{73ABA4AC-2104-46A9-90F2-704212F1FE03}.Release|x86.ActiveCfg = Release|Any CPU
		{73ABA4AC-2104-46A9-90F2-704212F1FE03}.Release|x86.Build.0 = Release|Any CPU
	EndGlobalSection
	GlobalSection(SolutionProperties) = preSolution
		HideSolutionNode = FALSE
	EndGlobalSection
	GlobalSection(NestedProjects) = preSolution
		{98C722BA-1BFA-43AA-8B8C-E7BA1F29C0D5} = {D1F82CF3-E0FF-49DD-AE15-31392EB1FD53}
		{041FAEF2-6755-47B6-BAD9-32DF377DEFA8} = {D1F82CF3-E0FF-49DD-AE15-31392EB1FD53}
		{2180BEAA-B296-43E1-BD15-AEAE1CEF3582} = {D1F82CF3-E0FF-49DD-AE15-31392EB1FD53}
		{942FDFC3-59FE-40B2-912C-9ADD0D603A5B} = {4D719D34-57DB-4A09-8CBB-7B17732DB092}
		{73ABA4AC-2104-46A9-90F2-704212F1FE03} = {D1F82CF3-E0FF-49DD-AE15-31392EB1FD53}
	EndGlobalSection
	GlobalSection(ExtensibilityGlobals) = postSolution
		SolutionGuid = {6F750055-5A32-4C9C-ADDD-70F2F58D1BC8}
	EndGlobalSection
EndGlobal
